// !$*UTF8*$!
{
	archiveVersion = 1;
	classes = {
	};
	objectVersion = 50;
	objects = {

/* Begin PBXBuildFile section */
		5734756221DA90C700FB6177 /* AppDelegate.swift in Sources */ = {isa = PBXBuildFile; fileRef = 5734756121DA90C700FB6177 /* AppDelegate.swift */; };
		5734756421DA90C700FB6177 /* ElementsViewController.swift in Sources */ = {isa = PBXBuildFile; fileRef = 5734756321DA90C700FB6177 /* ElementsViewController.swift */; };
		5734756721DA90C700FB6177 /* Main.storyboard in Resources */ = {isa = PBXBuildFile; fileRef = 5734756521DA90C700FB6177 /* Main.storyboard */; };
		5734756921DA90C800FB6177 /* Assets.xcassets in Resources */ = {isa = PBXBuildFile; fileRef = 5734756821DA90C800FB6177 /* Assets.xcassets */; };
		5734756C21DA90C800FB6177 /* LaunchScreen.storyboard in Resources */ = {isa = PBXBuildFile; fileRef = 5734756A21DA90C800FB6177 /* LaunchScreen.storyboard */; };
		90C86FB021DFAE52000B346C /* NetworkHelper.swift in Sources */ = {isa = PBXBuildFile; fileRef = 90C86FAF21DFAE52000B346C /* NetworkHelper.swift */; };
		90C86FB221DFAE5C000B346C /* AppError.swift in Sources */ = {isa = PBXBuildFile; fileRef = 90C86FB121DFAE5C000B346C /* AppError.swift */; };
		90C86FB421DFAE69000B346C /* ImageHelper.swift in Sources */ = {isa = PBXBuildFile; fileRef = 90C86FB321DFAE69000B346C /* ImageHelper.swift */; };
		90C86FB621DFB210000B346C /* ElementsAPIClient.swift in Sources */ = {isa = PBXBuildFile; fileRef = 90C86FB521DFB210000B346C /* ElementsAPIClient.swift */; };
		90C86FB921DFB259000B346C /* Elements.swift in Sources */ = {isa = PBXBuildFile; fileRef = 90C86FB821DFB259000B346C /* Elements.swift */; };
		90C86FBD21DFB302000B346C /* ElementsCell.swift in Sources */ = {isa = PBXBuildFile; fileRef = 90C86FBC21DFB302000B346C /* ElementsCell.swift */; };
		90C86FBF21DFB6D0000B346C /* Favorites.swift in Sources */ = {isa = PBXBuildFile; fileRef = 90C86FBE21DFB6CF000B346C /* Favorites.swift */; };
		90C86FC121DFC221000B346C /* ElementsDetailViewController.swift in Sources */ = {isa = PBXBuildFile; fileRef = 90C86FC021DFC221000B346C /* ElementsDetailViewController.swift */; };
		90C86FC521DFFC59000B346C /* ElementByDigit.swift in Sources */ = {isa = PBXBuildFile; fileRef = 90C86FC421DFFC59000B346C /* ElementByDigit.swift */; };
/* End PBXBuildFile section */

/* Begin PBXFileReference section */
		5734755E21DA90C700FB6177 /* Elements.app */ = {isa = PBXFileReference; explicitFileType = wrapper.application; includeInIndex = 0; path = Elements.app; sourceTree = BUILT_PRODUCTS_DIR; };
		5734756121DA90C700FB6177 /* AppDelegate.swift */ = {isa = PBXFileReference; lastKnownFileType = sourcecode.swift; path = AppDelegate.swift; sourceTree = "<group>"; };
		5734756321DA90C700FB6177 /* ElementsViewController.swift */ = {isa = PBXFileReference; lastKnownFileType = sourcecode.swift; path = ElementsViewController.swift; sourceTree = "<group>"; };
		5734756621DA90C700FB6177 /* Base */ = {isa = PBXFileReference; lastKnownFileType = file.storyboard; name = Base; path = Base.lproj/Main.storyboard; sourceTree = "<group>"; };
		5734756821DA90C800FB6177 /* Assets.xcassets */ = {isa = PBXFileReference; lastKnownFileType = folder.assetcatalog; path = Assets.xcassets; sourceTree = "<group>"; };
		5734756B21DA90C800FB6177 /* Base */ = {isa = PBXFileReference; lastKnownFileType = file.storyboard; name = Base; path = Base.lproj/LaunchScreen.storyboard; sourceTree = "<group>"; };
		5734756D21DA90C800FB6177 /* Info.plist */ = {isa = PBXFileReference; lastKnownFileType = text.plist.xml; path = Info.plist; sourceTree = "<group>"; };
		90C86FAF21DFAE52000B346C /* NetworkHelper.swift */ = {isa = PBXFileReference; lastKnownFileType = sourcecode.swift; path = NetworkHelper.swift; sourceTree = "<group>"; };
		90C86FB121DFAE5C000B346C /* AppError.swift */ = {isa = PBXFileReference; lastKnownFileType = sourcecode.swift; path = AppError.swift; sourceTree = "<group>"; };
		90C86FB321DFAE69000B346C /* ImageHelper.swift */ = {isa = PBXFileReference; lastKnownFileType = sourcecode.swift; path = ImageHelper.swift; sourceTree = "<group>"; };
		90C86FB521DFB210000B346C /* ElementsAPIClient.swift */ = {isa = PBXFileReference; lastKnownFileType = sourcecode.swift; path = ElementsAPIClient.swift; sourceTree = "<group>"; };
		90C86FB821DFB259000B346C /* Elements.swift */ = {isa = PBXFileReference; lastKnownFileType = sourcecode.swift; path = Elements.swift; sourceTree = "<group>"; };
		90C86FBC21DFB302000B346C /* ElementsCell.swift */ = {isa = PBXFileReference; lastKnownFileType = sourcecode.swift; path = ElementsCell.swift; sourceTree = "<group>"; };
		90C86FBE21DFB6CF000B346C /* Favorites.swift */ = {isa = PBXFileReference; lastKnownFileType = sourcecode.swift; path = Favorites.swift; sourceTree = "<group>"; };
		90C86FC021DFC221000B346C /* ElementsDetailViewController.swift */ = {isa = PBXFileReference; lastKnownFileType = sourcecode.swift; path = ElementsDetailViewController.swift; sourceTree = "<group>"; };
		90C86FC421DFFC59000B346C /* ElementByDigit.swift */ = {isa = PBXFileReference; lastKnownFileType = sourcecode.swift; path = ElementByDigit.swift; sourceTree = "<group>"; };
/* End PBXFileReference section */

/* Begin PBXFrameworksBuildPhase section */
		5734755B21DA90C700FB6177 /* Frameworks */ = {
			isa = PBXFrameworksBuildPhase;
			buildActionMask = 2147483647;
			files = (
			);
			runOnlyForDeploymentPostprocessing = 0;
		};
/* End PBXFrameworksBuildPhase section */

/* Begin PBXGroup section */
		5734755521DA90C700FB6177 = {
			isa = PBXGroup;
			children = (
				90C86FB721DFB22D000B346C /* Network Services */,
				90C86FBA21DFB27A000B346C /* Models */,
				90C86FBB21DFB2D6000B346C /* Views */,
				5734756021DA90C700FB6177 /* Elements */,
				5734755F21DA90C700FB6177 /* Products */,
			);
			sourceTree = "<group>";
		};
		5734755F21DA90C700FB6177 /* Products */ = {
			isa = PBXGroup;
			children = (
				5734755E21DA90C700FB6177 /* Elements.app */,
			);
			name = Products;
			sourceTree = "<group>";
		};
		5734756021DA90C700FB6177 /* Elements */ = {
			isa = PBXGroup;
			children = (
				5734756321DA90C700FB6177 /* ElementsViewController.swift */,
				90C86FC021DFC221000B346C /* ElementsDetailViewController.swift */,
				5734756521DA90C700FB6177 /* Main.storyboard */,
				5734757321DA90F500FB6177 /* Supporting Files */,
				5734756D21DA90C800FB6177 /* Info.plist */,
			);
			path = Elements;
			sourceTree = "<group>";
		};
		5734757321DA90F500FB6177 /* Supporting Files */ = {
			isa = PBXGroup;
			children = (
				5734756121DA90C700FB6177 /* AppDelegate.swift */,
				5734756821DA90C800FB6177 /* Assets.xcassets */,
				5734756A21DA90C800FB6177 /* LaunchScreen.storyboard */,
			);
			path = "Supporting Files";
			sourceTree = "<group>";
		};
		90C86FB721DFB22D000B346C /* Network Services */ = {
			isa = PBXGroup;
			children = (
				90C86FAF21DFAE52000B346C /* NetworkHelper.swift */,
				90C86FB121DFAE5C000B346C /* AppError.swift */,
				90C86FB321DFAE69000B346C /* ImageHelper.swift */,
				90C86FB521DFB210000B346C /* ElementsAPIClient.swift */,
			);
			path = "Network Services";
			sourceTree = "<group>";
		};
		90C86FBA21DFB27A000B346C /* Models */ = {
			isa = PBXGroup;
			children = (
				90C86FB821DFB259000B346C /* Elements.swift */,
				90C86FBE21DFB6CF000B346C /* Favorites.swift */,
			);
			path = Models;
			sourceTree = "<group>";
		};
		90C86FBB21DFB2D6000B346C /* Views */ = {
			isa = PBXGroup;
			children = (
				90C86FBC21DFB302000B346C /* ElementsCell.swift */,
				90C86FC421DFFC59000B346C /* ElementByDigit.swift */,
			);
			path = Views;
			sourceTree = "<group>";
		};
/* End PBXGroup section */

/* Begin PBXNativeTarget section */
		5734755D21DA90C700FB6177 /* Elements */ = {
			isa = PBXNativeTarget;
			buildConfigurationList = 5734757021DA90C800FB6177 /* Build configuration list for PBXNativeTarget "Elements" */;
			buildPhases = (
				5734755A21DA90C700FB6177 /* Sources */,
				5734755B21DA90C700FB6177 /* Frameworks */,
				5734755C21DA90C700FB6177 /* Resources */,
			);
			buildRules = (
			);
			dependencies = (
			);
			name = Elements;
			productName = Elements;
			productReference = 5734755E21DA90C700FB6177 /* Elements.app */;
			productType = "com.apple.product-type.application";
		};
/* End PBXNativeTarget section */

/* Begin PBXProject section */
		5734755621DA90C700FB6177 /* Project object */ = {
			isa = PBXProject;
			attributes = {
				LastSwiftUpdateCheck = 1010;
				LastUpgradeCheck = 1010;
				ORGANIZATIONNAME = Pursuit;
				TargetAttributes = {
					5734755D21DA90C700FB6177 = {
						CreatedOnToolsVersion = 10.1;
					};
				};
			};
			buildConfigurationList = 5734755921DA90C700FB6177 /* Build configuration list for PBXProject "Elements" */;
			compatibilityVersion = "Xcode 9.3";
			developmentRegion = en;
			hasScannedForEncodings = 0;
			knownRegions = (
				en,
				Base,
			);
			mainGroup = 5734755521DA90C700FB6177;
			productRefGroup = 5734755F21DA90C700FB6177 /* Products */;
			projectDirPath = "";
			projectRoot = "";
			targets = (
				5734755D21DA90C700FB6177 /* Elements */,
			);
		};
/* End PBXProject section */

/* Begin PBXResourcesBuildPhase section */
		5734755C21DA90C700FB6177 /* Resources */ = {
			isa = PBXResourcesBuildPhase;
			buildActionMask = 2147483647;
			files = (
				5734756C21DA90C800FB6177 /* LaunchScreen.storyboard in Resources */,
				5734756921DA90C800FB6177 /* Assets.xcassets in Resources */,
				5734756721DA90C700FB6177 /* Main.storyboard in Resources */,
			);
			runOnlyForDeploymentPostprocessing = 0;
		};
/* End PBXResourcesBuildPhase section */

/* Begin PBXSourcesBuildPhase section */
		5734755A21DA90C700FB6177 /* Sources */ = {
			isa = PBXSourcesBuildPhase;
			buildActionMask = 2147483647;
			files = (
				90C86FBF21DFB6D0000B346C /* Favorites.swift in Sources */,
				90C86FB921DFB259000B346C /* Elements.swift in Sources */,
				90C86FB621DFB210000B346C /* ElementsAPIClient.swift in Sources */,
				90C86FBD21DFB302000B346C /* ElementsCell.swift in Sources */,
				90C86FC121DFC221000B346C /* ElementsDetailViewController.swift in Sources */,
				90C86FC521DFFC59000B346C /* ElementByDigit.swift in Sources */,
				90C86FB221DFAE5C000B346C /* AppError.swift in Sources */,
				90C86FB421DFAE69000B346C /* ImageHelper.swift in Sources */,
				5734756421DA90C700FB6177 /* ElementsViewController.swift in Sources */,
				90C86FB021DFAE52000B346C /* NetworkHelper.swift in Sources */,
				5734756221DA90C700FB6177 /* AppDelegate.swift in Sources */,
			);
			runOnlyForDeploymentPostprocessing = 0;
		};
/* End PBXSourcesBuildPhase section */

/* Begin PBXVariantGroup section */
		5734756521DA90C700FB6177 /* Main.storyboard */ = {
			isa = PBXVariantGroup;
			children = (
				5734756621DA90C700FB6177 /* Base */,
			);
			name = Main.storyboard;
			sourceTree = "<group>";
		};
		5734756A21DA90C800FB6177 /* LaunchScreen.storyboard */ = {
			isa = PBXVariantGroup;
			children = (
				5734756B21DA90C800FB6177 /* Base */,
			);
			name = LaunchScreen.storyboard;
			sourceTree = "<group>";
		};
/* End PBXVariantGroup section */

/* Begin XCBuildConfiguration section */
		5734756E21DA90C800FB6177 /* Debug */ = {
			isa = XCBuildConfiguration;
			buildSettings = {
				ALWAYS_SEARCH_USER_PATHS = NO;
				CLANG_ANALYZER_NONNULL = YES;
				CLANG_ANALYZER_NUMBER_OBJECT_CONVERSION = YES_AGGRESSIVE;
				CLANG_CXX_LANGUAGE_STANDARD = "gnu++14";
				CLANG_CXX_LIBRARY = "libc++";
				CLANG_ENABLE_MODULES = YES;
				CLANG_ENABLE_OBJC_ARC = YES;
				CLANG_ENABLE_OBJC_WEAK = YES;
				CLANG_WARN_BLOCK_CAPTURE_AUTORELEASING = YES;
				CLANG_WARN_BOOL_CONVERSION = YES;
				CLANG_WARN_COMMA = YES;
				CLANG_WARN_CONSTANT_CONVERSION = YES;
				CLANG_WARN_DEPRECATED_OBJC_IMPLEMENTATIONS = YES;
				CLANG_WARN_DIRECT_OBJC_ISA_USAGE = YES_ERROR;
				CLANG_WARN_DOCUMENTATION_COMMENTS = YES;
				CLANG_WARN_EMPTY_BODY = YES;
				CLANG_WARN_ENUM_CONVERSION = YES;
				CLANG_WARN_INFINITE_RECURSION = YES;
				CLANG_WARN_INT_CONVERSION = YES;
				CLANG_WARN_NON_LITERAL_NULL_CONVERSION = YES;
				CLANG_WARN_OBJC_IMPLICIT_RETAIN_SELF = YES;
				CLANG_WARN_OBJC_LITERAL_CONVERSION = YES;
				CLANG_WARN_OBJC_ROOT_CLASS = YES_ERROR;
				CLANG_WARN_RANGE_LOOP_ANALYSIS = YES;
				CLANG_WARN_STRICT_PROTOTYPES = YES;
				CLANG_WARN_SUSPICIOUS_MOVE = YES;
				CLANG_WARN_UNGUARDED_AVAILABILITY = YES_AGGRESSIVE;
				CLANG_WARN_UNREACHABLE_CODE = YES;
				CLANG_WARN__DUPLICATE_METHOD_MATCH = YES;
				CODE_SIGN_IDENTITY = "iPhone Developer";
				COPY_PHASE_STRIP = NO;
				DEBUG_INFORMATION_FORMAT = dwarf;
				ENABLE_STRICT_OBJC_MSGSEND = YES;
				ENABLE_TESTABILITY = YES;
				GCC_C_LANGUAGE_STANDARD = gnu11;
				GCC_DYNAMIC_NO_PIC = NO;
				GCC_NO_COMMON_BLOCKS = YES;
				GCC_OPTIMIZATION_LEVEL = 0;
				GCC_PREPROCESSOR_DEFINITIONS = (
					"DEBUG=1",
					"$(inherited)",
				);
				GCC_WARN_64_TO_32_BIT_CONVERSION = YES;
				GCC_WARN_ABOUT_RETURN_TYPE = YES_ERROR;
				GCC_WARN_UNDECLARED_SELECTOR = YES;
				GCC_WARN_UNINITIALIZED_AUTOS = YES_AGGRESSIVE;
				GCC_WARN_UNUSED_FUNCTION = YES;
				GCC_WARN_UNUSED_VARIABLE = YES;
				IPHONEOS_DEPLOYMENT_TARGET = 12.1;
				MTL_ENABLE_DEBUG_INFO = INCLUDE_SOURCE;
				MTL_FAST_MATH = YES;
				ONLY_ACTIVE_ARCH = YES;
				SDKROOT = iphoneos;
				SWIFT_ACTIVE_COMPILATION_CONDITIONS = DEBUG;
				SWIFT_OPTIMIZATION_LEVEL = "-Onone";
			};
			name = Debug;
		};
		5734756F21DA90C800FB6177 /* Release */ = {
			isa = XCBuildConfiguration;
			buildSettings = {
				ALWAYS_SEARCH_USER_PATHS = NO;
				CLANG_ANALYZER_NONNULL = YES;
				CLANG_ANALYZER_NUMBER_OBJECT_CONVERSION = YES_AGGRESSIVE;
				CLANG_CXX_LANGUAGE_STANDARD = "gnu++14";
				CLANG_CXX_LIBRARY = "libc++";
				CLANG_ENABLE_MODULES = YES;
				CLANG_ENABLE_OBJC_ARC = YES;
				CLANG_ENABLE_OBJC_WEAK = YES;
				CLANG_WARN_BLOCK_CAPTURE_AUTORELEASING = YES;
				CLANG_WARN_BOOL_CONVERSION = YES;
				CLANG_WARN_COMMA = YES;
				CLANG_WARN_CONSTANT_CONVERSION = YES;
				CLANG_WARN_DEPRECATED_OBJC_IMPLEMENTATIONS = YES;
				CLANG_WARN_DIRECT_OBJC_ISA_USAGE = YES_ERROR;
				CLANG_WARN_DOCUMENTATION_COMMENTS = YES;
				CLANG_WARN_EMPTY_BODY = YES;
				CLANG_WARN_ENUM_CONVERSION = YES;
				CLANG_WARN_INFINITE_RECURSION = YES;
				CLANG_WARN_INT_CONVERSION = YES;
				CLANG_WARN_NON_LITERAL_NULL_CONVERSION = YES;
				CLANG_WARN_OBJC_IMPLICIT_RETAIN_SELF = YES;
				CLANG_WARN_OBJC_LITERAL_CONVERSION = YES;
				CLANG_WARN_OBJC_ROOT_CLASS = YES_ERROR;
				CLANG_WARN_RANGE_LOOP_ANALYSIS = YES;
				CLANG_WARN_STRICT_PROTOTYPES = YES;
				CLANG_WARN_SUSPICIOUS_MOVE = YES;
				CLANG_WARN_UNGUARDED_AVAILABILITY = YES_AGGRESSIVE;
				CLANG_WARN_UNREACHABLE_CODE = YES;
				CLANG_WARN__DUPLICATE_METHOD_MATCH = YES;
				CODE_SIGN_IDENTITY = "iPhone Developer";
				COPY_PHASE_STRIP = NO;
				DEBUG_INFORMATION_FORMAT = "dwarf-with-dsym";
				ENABLE_NS_ASSERTIONS = NO;
				ENABLE_STRICT_OBJC_MSGSEND = YES;
				GCC_C_LANGUAGE_STANDARD = gnu11;
				GCC_NO_COMMON_BLOCKS = YES;
				GCC_WARN_64_TO_32_BIT_CONVERSION = YES;
				GCC_WARN_ABOUT_RETURN_TYPE = YES_ERROR;
				GCC_WARN_UNDECLARED_SELECTOR = YES;
				GCC_WARN_UNINITIALIZED_AUTOS = YES_AGGRESSIVE;
				GCC_WARN_UNUSED_FUNCTION = YES;
				GCC_WARN_UNUSED_VARIABLE = YES;
				IPHONEOS_DEPLOYMENT_TARGET = 12.1;
				MTL_ENABLE_DEBUG_INFO = NO;
				MTL_FAST_MATH = YES;
				SDKROOT = iphoneos;
				SWIFT_COMPILATION_MODE = wholemodule;
				SWIFT_OPTIMIZATION_LEVEL = "-O";
				VALIDATE_PRODUCT = YES;
			};
			name = Release;
		};
		5734757121DA90C800FB6177 /* Debug */ = {
			isa = XCBuildConfiguration;
			buildSettings = {
				ASSETCATALOG_COMPILER_APPICON_NAME = AppIcon;
				CODE_SIGN_STYLE = Automatic;
				DEVELOPMENT_TEAM = "";
				INFOPLIST_FILE = Elements/Info.plist;
				IPHONEOS_DEPLOYMENT_TARGET = 12.0;
				LD_RUNPATH_SEARCH_PATHS = (
					"$(inherited)",
					"@executable_path/Frameworks",
				);
				PRODUCT_BUNDLE_IDENTIFIER = org.pursuit.Elements;
				PRODUCT_NAME = "$(TARGET_NAME)";
				SWIFT_VERSION = 4.2;
				TARGETED_DEVICE_FAMILY = "1,2";
			};
			name = Debug;
		};
		5734757221DA90C800FB6177 /* Release */ = {
			isa = XCBuildConfiguration;
			buildSettings = {
				ASSETCATALOG_COMPILER_APPICON_NAME = AppIcon;
				CODE_SIGN_STYLE = Automatic;
				DEVELOPMENT_TEAM = "";
				INFOPLIST_FILE = Elements/Info.plist;
				IPHONEOS_DEPLOYMENT_TARGET = 12.0;
				LD_RUNPATH_SEARCH_PATHS = (
					"$(inherited)",
					"@executable_path/Frameworks",
				);
				PRODUCT_BUNDLE_IDENTIFIER = org.pursuit.Elements;
				PRODUCT_NAME = "$(TARGET_NAME)";
				SWIFT_VERSION = 4.2;
				TARGETED_DEVICE_FAMILY = "1,2";
			};
			name = Release;
		};
/* End XCBuildConfiguration section */

/* Begin XCConfigurationList section */
		5734755921DA90C700FB6177 /* Build configuration list for PBXProject "Elements" */ = {
			isa = XCConfigurationList;
			buildConfigurations = (
				5734756E21DA90C800FB6177 /* Debug */,
				5734756F21DA90C800FB6177 /* Release */,
			);
			defaultConfigurationIsVisible = 0;
			defaultConfigurationName = Release;
		};
		5734757021DA90C800FB6177 /* Build configuration list for PBXNativeTarget "Elements" */ = {
			isa = XCConfigurationList;
			buildConfigurations = (
				5734757121DA90C800FB6177 /* Debug */,
				5734757221DA90C800FB6177 /* Release */,
			);
			defaultConfigurationIsVisible = 0;
			defaultConfigurationName = Release;
		};
/* End XCConfigurationList section */
	};
	rootObject = 5734755621DA90C700FB6177 /* Project object */;
}
